
Microsoft Visual Studio Solution File, Format Version 12.00
# Visual Studio 15
VisualStudioVersion = 15.0.27703.2018
MinimumVisualStudioVersion = 10.0.40219.1
Project("{FAE04EC0-301F-11D3-BF4B-00C04F79EFBC}") = "HaberSepeti.Data", "HaberSepeti.Data\HaberSepeti.Data.csproj", "{8A78AC81-52F5-4E84-9434-F7B8F4079AA5}"
EndProject
Project("{FAE04EC0-301F-11D3-BF4B-00C04F79EFBC}") = "HaberSepeti.Core", "HaberSepeti.Core\HaberSepeti.Core.csproj", "{7EC4D360-95A5-44B6-A4C9-94D43E0756E4}"
EndProject
Project("{FAE04EC0-301F-11D3-BF4B-00C04F79EFBC}") = "HaberSepeti.Admin", "HaberSepeti.Admin\HaberSepeti.Admin.csproj", "{A79F53ED-CEDA-435A-B20B-1D04ACBC44BA}"
EndProject
Project("{FAE04EC0-301F-11D3-BF4B-00C04F79EFBC}") = "HaberSepeti.Service", "HaberSepeti.Service\HaberSepeti.Service.csproj", "{15039A50-933A-4627-8358-D37336FB0B24}"
EndProject
Project("{FAE04EC0-301F-11D3-BF4B-00C04F79EFBC}") = "HaberSepeti.UI", "HaberSepeti.UI\HaberSepeti.UI.csproj", "{E4EF7D34-CD03-4C81-91E9-9D38D7541A47}"
EndProject
Global
	GlobalSection(SolutionConfigurationPlatforms) = preSolution
		Debug|Any CPU = Debug|Any CPU
		Release|Any CPU = Release|Any CPU
	EndGlobalSection
	GlobalSection(ProjectConfigurationPlatforms) = postSolution
		{8A78AC81-52F5-4E84-9434-F7B8F4079AA5}.Debug|Any CPU.ActiveCfg = Debug|Any CPU
		{8A78AC81-52F5-4E84-9434-F7B8F4079AA5}.Debug|Any CPU.Build.0 = Debug|Any CPU
		{8A78AC81-52F5-4E84-9434-F7B8F4079AA5}.Release|Any CPU.ActiveCfg = Release|Any CPU
		{8A78AC81-52F5-4E84-9434-F7B8F4079AA5}.Release|Any CPU.Build.0 = Release|Any CPU
		{7EC4D360-95A5-44B6-A4C9-94D43E0756E4}.Debug|Any CPU.ActiveCfg = Debug|Any CPU
		{7EC4D360-95A5-44B6-A4C9-94D43E0756E4}.Debug|Any CPU.Build.0 = Debug|Any CPU
		{7EC4D360-95A5-44B6-A4C9-94D43E0756E4}.Release|Any CPU.ActiveCfg = Release|Any CPU
		{7EC4D360-95A5-44B6-A4C9-94D43E0756E4}.Release|Any CPU.Build.0 = Release|Any CPU
		{A79F53ED-CEDA-435A-B20B-1D04ACBC44BA}.Debug|Any CPU.ActiveCfg = Debug|Any CPU
		{A79F53ED-CEDA-435A-B20B-1D04ACBC44BA}.Debug|Any CPU.Build.0 = Debug|Any CPU
		{A79F53ED-CEDA-435A-B20B-1D04ACBC44BA}.Release|Any CPU.ActiveCfg = Release|Any CPU
		{A79F53ED-CEDA-435A-B20B-1D04ACBC44BA}.Release|Any CPU.Build.0 = Release|Any CPU
		{15039A50-933A-4627-8358-D37336FB0B24}.Debug|Any CPU.ActiveCfg = Debug|Any CPU
		{15039A50-933A-4627-8358-D37336FB0B24}.Debug|Any CPU.Build.0 = Debug|Any CPU
		{15039A50-933A-4627-8358-D37336FB0B24}.Release|Any CPU.ActiveCfg = Release|Any CPU
		{15039A50-933A-4627-8358-D37336FB0B24}.Release|Any CPU.Build.0 = Release|Any CPU
		{E4EF7D34-CD03-4C81-91E9-9D38D7541A47}.Debug|Any CPU.ActiveCfg = Debug|Any CPU
		{E4EF7D34-CD03-4C81-91E9-9D38D7541A47}.Debug|Any CPU.Build.0 = Debug|Any CPU
		{E4EF7D34-CD03-4C81-91E9-9D38D7541A47}.Release|Any CPU.ActiveCfg = Release|Any CPU
		{E4EF7D34-CD03-4C81-91E9-9D38D7541A47}.Release|Any CPU.Build.0 = Release|Any CPU
	EndGlobalSection
	GlobalSection(SolutionProperties) = preSolution
		HideSolutionNode = FALSE
	EndGlobalSection
	GlobalSection(ExtensibilityGlobals) = postSolution
		SolutionGuid = {B6AB279A-7CAD-46CF-9095-261FB3C53A2F}
	EndGlobalSection
EndGlobal
